
Microsoft Visual Studio Solution File, Format Version 12.00
# Visual Studio Version 17
VisualStudioVersion = 17.8.34330.188
MinimumVisualStudioVersion = 10.0.40219.1
Project("{FAE04EC0-301F-11D3-BF4B-00C04F79EFBC}") = "FindXml", "FindXml.csproj", "{82F05906-34DA-431C-AA6C-49CA7D823FDA}"
EndProject
Global
	GlobalSection(SolutionConfigurationPlatforms) = preSolution
		Debug|Any CPU = Debug|Any CPU
		Release|Any CPU = Release|Any CPU
	EndGlobalSection
	GlobalSection(ProjectConfigurationPlatforms) = postSolution
		{82F05906-34DA-431C-AA6C-49CA7D823FDA}.Debug|Any CPU.ActiveCfg = Debug|Any CPU
		{82F05906-34DA-431C-AA6C-49CA7D823FDA}.Debug|Any CPU.Build.0 = Debug|Any CPU
		{82F05906-34DA-431C-AA6C-49CA7D823FDA}.Release|Any CPU.ActiveCfg = Release|Any CPU
		{82F05906-34DA-431C-AA6C-49CA7D823FDA}.Release|Any CPU.Build.0 = Release|Any CPU
	EndGlobalSection
	GlobalSection(SolutionProperties) = preSolution
		HideSolutionNode = FALSE
	EndGlobalSection
	GlobalSection(ExtensibilityGlobals) = postSolution
		SolutionGuid = {A28A2904-41A2-4C14-9E28-926560D0AAE8}
	EndGlobalSection
EndGlobal
